
Microsoft Visual Studio Solution File, Format Version 12.00
# Visual Studio Version 16
VisualStudioVersion = 16.0.29806.167
MinimumVisualStudioVersion = 10.0.40219.1
Project("{FAE04EC0-301F-11D3-BF4B-00C04F79EFBC}") = "MunchAllotApp", "MunchAllotApp\MunchAllotApp.csproj", "{2F43134B-94F2-4936-B66C-AC82A72D458A}"
EndProject
Global
	GlobalSection(SolutionConfigurationPlatforms) = preSolution
		Debug|Any CPU = Debug|Any CPU
		Release|Any CPU = Release|Any CPU
	EndGlobalSection
	GlobalSection(ProjectConfigurationPlatforms) = postSolution
		{2F43134B-94F2-4936-B66C-AC82A72D458A}.Debug|Any CPU.ActiveCfg = Debug|Any CPU
		{2F43134B-94F2-4936-B66C-AC82A72D458A}.Debug|Any CPU.Build.0 = Debug|Any CPU
		{2F43134B-94F2-4936-B66C-AC82A72D458A}.Release|Any CPU.ActiveCfg = Release|Any CPU
		{2F43134B-94F2-4936-B66C-AC82A72D458A}.Release|Any CPU.Build.0 = Release|Any CPU
	EndGlobalSection
	GlobalSection(SolutionProperties) = preSolution
		HideSolutionNode = FALSE
	EndGlobalSection
	GlobalSection(ExtensibilityGlobals) = postSolution
		SolutionGuid = {0C7E1915-1EF7-48AD-A753-00A9874E1F13}
	EndGlobalSection
EndGlobal
